
Microsoft Visual Studio Solution File, Format Version 12.00
# Visual Studio Version 17
VisualStudioVersion = 17.2.32630.192
MinimumVisualStudioVersion = 10.0.40219.1
Project("{FAE04EC0-301F-11D3-BF4B-00C04F79EFBC}") = "MouseClicker", "MouseClicker\MouseClicker.csproj", "{449B2DB9-34F5-4CC4-A9CE-372CC70290EE}"
EndProject
Global
	GlobalSection(SolutionConfigurationPlatforms) = preSolution
		Debug|Any CPU = Debug|Any CPU
		Release|Any CPU = Release|Any CPU
	EndGlobalSection
	GlobalSection(ProjectConfigurationPlatforms) = postSolution
		{449B2DB9-34F5-4CC4-A9CE-372CC70290EE}.Debug|Any CPU.ActiveCfg = Debug|Any CPU
		{449B2DB9-34F5-4CC4-A9CE-372CC70290EE}.Debug|Any CPU.Build.0 = Debug|Any CPU
		{449B2DB9-34F5-4CC4-A9CE-372CC70290EE}.Release|Any CPU.ActiveCfg = Release|Any CPU
		{449B2DB9-34F5-4CC4-A9CE-372CC70290EE}.Release|Any CPU.Build.0 = Release|Any CPU
	EndGlobalSection
	GlobalSection(SolutionProperties) = preSolution
		HideSolutionNode = FALSE
	EndGlobalSection
	GlobalSection(ExtensibilityGlobals) = postSolution
		SolutionGuid = {83E2E207-BCD1-4962-94FC-74C8FA963313}
	EndGlobalSection
EndGlobal
